
Microsoft Visual Studio Solution File, Format Version 12.00
# Visual Studio Version 16
VisualStudioVersion = 16.0.29025.244
MinimumVisualStudioVersion = 10.0.40219.1
Project("{8BC9CEB8-8B4A-11D0-8D11-00A0C91BC942}") = "10.10.4", "C++PrimerPlus\C++PrimerPlus.vcxproj", "{7CDB6FF4-A8D6-4E40-AA05-3116EF96A955}"
EndProject
Project("{8BC9CEB8-8B4A-11D0-8D11-00A0C91BC942}") = "10.10.5", "10.10.5\10.10.5.vcxproj", "{FE0F9D3E-56BE-45BE-8CFF-7B037E22F6BA}"
EndProject
Project("{8BC9CEB8-8B4A-11D0-8D11-00A0C91BC942}") = "10.10.6", "10.10.6\10.10.6.vcxproj", "{E481B522-0A01-4DDE-8B33-F11780488DDF}"
EndProject
Project("{8BC9CEB8-8B4A-11D0-8D11-00A0C91BC942}") = "10.10.8", "10.10.7\10.10.7.vcxproj", "{A0CF4B47-E175-46AC-946D-381EC6255424}"
EndProject
Project("{8BC9CEB8-8B4A-11D0-8D11-00A0C91BC942}") = "11.9.1", "11.9.1\11.9.1.vcxproj", "{93D0E701-263F-42B7-9290-C74E0DE4EC68}"
EndProject
Project("{8BC9CEB8-8B4A-11D0-8D11-00A0C91BC942}") = "11.9.2", "11.9.2\11.9.2.vcxproj", "{05C76BF6-AD02-4B51-853B-3F4652B91AB2}"
EndProject
Project("{8BC9CEB8-8B4A-11D0-8D11-00A0C91BC942}") = "11.9.3", "11.9.3\11.9.3.vcxproj", "{3EFEEF6B-8F61-48D8-888E-30674DF227EB}"
EndProject
Project("{8BC9CEB8-8B4A-11D0-8D11-00A0C91BC942}") = "11.9.4", "11.9.4\11.9.4.vcxproj", "{8533A7E6-3866-4349-AA3A-DD52CEDB9627}"
EndProject
Project("{8BC9CEB8-8B4A-11D0-8D11-00A0C91BC942}") = "11.9.5", "11.9.5\11.9.5.vcxproj", "{2AC7E6A3-0ACB-4CE0-BB96-0745E31F817B}"
EndProject
Project("{8BC9CEB8-8B4A-11D0-8D11-00A0C91BC942}") = "11.9.6", "11.9.6\11.9.6.vcxproj", "{2F01C02B-7BC1-4D6C-A7B2-E81F3EE59208}"
EndProject
Project("{8BC9CEB8-8B4A-11D0-8D11-00A0C91BC942}") = "11.9.7", "11.9.7\11.9.7.vcxproj", "{F92214BC-0697-48AA-8A25-52046349A9F5}"
EndProject
Project("{8BC9CEB8-8B4A-11D0-8D11-00A0C91BC942}") = "12.10.1", "12.10.1\12.10.1.vcxproj", "{295672BD-A6A8-4687-878E-73748B81E9C7}"
EndProject
Project("{8BC9CEB8-8B4A-11D0-8D11-00A0C91BC942}") = "12.10.2", "12.10.2\12.10.2.vcxproj", "{31AE7219-F0AE-4E5F-80DB-C859D83AC330}"
EndProject
Project("{8BC9CEB8-8B4A-11D0-8D11-00A0C91BC942}") = "12.10.3", "12.10.3\12.10.3.vcxproj", "{CBF56993-26F1-46EB-8D50-24770360E40F}"
EndProject
Project("{8BC9CEB8-8B4A-11D0-8D11-00A0C91BC942}") = "12.10.4", "12.10.4\12.10.4.vcxproj", "{DB6D580F-8869-4140-AE73-599CA2480AB8}"
EndProject
Project("{8BC9CEB8-8B4A-11D0-8D11-00A0C91BC942}") = "12.10.5", "12.10.5\12.10.5.vcxproj", "{9A566122-9BE5-4E43-B1D5-CFDCA2CBE176}"
EndProject
Project("{8BC9CEB8-8B4A-11D0-8D11-00A0C91BC942}") = "12.10.6", "12.10.6\12.10.6.vcxproj", "{0805511E-E130-47AD-B7E3-773728C88D08}"
EndProject
Project("{8BC9CEB8-8B4A-11D0-8D11-00A0C91BC942}") = "13.11.1", "13.11.1\13.11.1.vcxproj", "{91D0B308-E9A7-4308-82B8-0E30759BD3C6}"
EndProject
Project("{8BC9CEB8-8B4A-11D0-8D11-00A0C91BC942}") = "13.11.2", "13.11.2\13.11.2.vcxproj", "{1A1D31C4-C10F-46E8-B972-CE244C981A72}"
EndProject
Project("{8BC9CEB8-8B4A-11D0-8D11-00A0C91BC942}") = "13.11.3", "13.11.3\13.11.3.vcxproj", "{0D3AAEA4-2305-425B-9132-F3CDBEE398B4}"
EndProject
Project("{8BC9CEB8-8B4A-11D0-8D11-00A0C91BC942}") = "13.11.4", "13.11.4\13.11.4.vcxproj", "{A6A3252D-2EE3-4217-8179-93F7D8489E11}"
EndProject
Project("{8BC9CEB8-8B4A-11D0-8D11-00A0C91BC942}") = "14.7.1", "14.7.1\14.7.1.vcxproj", "{33B4BE27-E94E-4DED-9E33-0AA3319394FB}"
EndProject
Project("{8BC9CEB8-8B4A-11D0-8D11-00A0C91BC942}") = "14.7.2", "14.7.2\14.7.2.vcxproj", "{6EB33247-37B2-42C6-B27D-65F6440C10B2}"
EndProject
Project("{8BC9CEB8-8B4A-11D0-8D11-00A0C91BC942}") = "14.7.3", "14.7.3\14.7.3.vcxproj", "{5F1E2807-CB78-4065-BCC2-8FB6075AD726}"
EndProject
Project("{8BC9CEB8-8B4A-11D0-8D11-00A0C91BC942}") = "14.7.4", "14.7.4\14.7.4.vcxproj", "{63CBABD2-8628-41E4-A1D4-77EA4B38E323}"
EndProject
Project("{8BC9CEB8-8B4A-11D0-8D11-00A0C91BC942}") = "14.7.5", "14.7.5\14.7.5.vcxproj", "{1ED7BE80-18E7-4D47-B659-F39626649C6B}"
EndProject
Project("{8BC9CEB8-8B4A-11D0-8D11-00A0C91BC942}") = "15.8.1", "15.8.1\15.8.1.vcxproj", "{DEEB1E40-8018-4DA1-B8C4-71766EC1CB30}"
EndProject
Project("{8BC9CEB8-8B4A-11D0-8D11-00A0C91BC942}") = "15.8.2 and 15.8.3", "15.8.2\15.8.2.vcxproj", "{69DD4D6E-039D-4C0D-B521-C5ED8D056F25}"
EndProject
Project("{8BC9CEB8-8B4A-11D0-8D11-00A0C91BC942}") = "15.8.4", "15.8.4\15.8.4.vcxproj", "{32D82658-A6E5-4A30-8F6F-388ACD77EA5A}"
EndProject
Project("{8BC9CEB8-8B4A-11D0-8D11-00A0C91BC942}") = "16.10.1", "16.10.1\16.10.1.vcxproj", "{81708092-24BB-4043-834C-9F5A3C859771}"
EndProject
Project("{8BC9CEB8-8B4A-11D0-8D11-00A0C91BC942}") = "16.10.2", "16.10.2\16.10.2.vcxproj", "{0FABED6F-C947-4B4A-9EAE-C49E7DAFA390}"
EndProject
Project("{8BC9CEB8-8B4A-11D0-8D11-00A0C91BC942}") = "16.10.3", "16.10.3\16.10.3.vcxproj", "{6BB21085-B23A-4AAB-97A4-C62377D0E1F2}"
EndProject
Project("{8BC9CEB8-8B4A-11D0-8D11-00A0C91BC942}") = "16.10.4", "16.10.4\16.10.4.vcxproj", "{F5BDAC4D-7E5D-4A57-947D-648B36A083F9}"
EndProject
Project("{8BC9CEB8-8B4A-11D0-8D11-00A0C91BC942}") = "16.10.5", "16.10.5\16.10.5.vcxproj", "{F7C5E84B-FC7C-4BF3-935E-1698C8EFC574}"
EndProject
Project("{8BC9CEB8-8B4A-11D0-8D11-00A0C91BC942}") = "16.10.6", "16.10.6\16.10.6.vcxproj", "{D67A6A0B-AB94-4C0C-9209-1B20E9F42B44}"
EndProject
Project("{8BC9CEB8-8B4A-11D0-8D11-00A0C91BC942}") = "16.10.7", "16.10.7\16.10.7.vcxproj", "{20EE2DD3-ED05-400C-8305-794059B2B2D1}"
EndProject
Project("{8BC9CEB8-8B4A-11D0-8D11-00A0C91BC942}") = "16.10.8", "16.10.8\16.10.8.vcxproj", "{7378E68E-02D9-48B8-A237-AFE983089234}"
EndProject
Project("{8BC9CEB8-8B4A-11D0-8D11-00A0C91BC942}") = "16.10.9", "16.10.9\16.10.9.vcxproj", "{87DD0517-7396-4D82-96CD-C95A93206C4A}"
EndProject
Project("{8BC9CEB8-8B4A-11D0-8D11-00A0C91BC942}") = "16.10.10", "16.10.10\16.10.10.vcxproj", "{70AE33C6-0C51-4FD7-AAF8-CD77732A5C6B}"
EndProject
Project("{8BC9CEB8-8B4A-11D0-8D11-00A0C91BC942}") = "17.8.1", "17.8.1\17.8.1.vcxproj", "{F0EFE7F7-744A-4921-897E-790C9C376911}"
EndProject
Project("{8BC9CEB8-8B4A-11D0-8D11-00A0C91BC942}") = "17.8.2", "17.8.2\17.8.2.vcxproj", "{20C9EDC7-6F9D-40AB-BED9-26428DA97FD1}"
EndProject
Project("{8BC9CEB8-8B4A-11D0-8D11-00A0C91BC942}") = "18.12.1", "18.12.1\18.12.1.vcxproj", "{5776CF45-4436-4CC3-BC1B-17D84EB4F827}"
EndProject
Project("{8BC9CEB8-8B4A-11D0-8D11-00A0C91BC942}") = "18.12.2", "18.12.2\18.12.2.vcxproj", "{6F5DB8F2-2392-4F09-995A-31C5FBF4865D}"
EndProject
Project("{8BC9CEB8-8B4A-11D0-8D11-00A0C91BC942}") = "18.12.3", "18.12.3\18.12.3.vcxproj", "{390655B8-8C08-4232-BC08-2B40836D5360}"
EndProject
Project("{8BC9CEB8-8B4A-11D0-8D11-00A0C91BC942}") = "18.12.4", "18.12.4\18.12.4.vcxproj", "{F63436EB-398E-4AAC-B2F2-4C9280A64387}"
EndProject
Project("{8BC9CEB8-8B4A-11D0-8D11-00A0C91BC942}") = "17.8.5", "17.8.5\17.8.5.vcxproj", "{4A224D4E-A52D-4532-A2D6-0281339CBB3C}"
EndProject
Project("{8BC9CEB8-8B4A-11D0-8D11-00A0C91BC942}") = "17.8.7", "17.8.7\17.8.7.vcxproj", "{323914BD-DE22-4E06-B229-956AB1B3BE71}"
EndProject
Global
	GlobalSection(SolutionConfigurationPlatforms) = preSolution
		Debug|x64 = Debug|x64
		Debug|x86 = Debug|x86
		Release|x64 = Release|x64
		Release|x86 = Release|x86
	EndGlobalSection
	GlobalSection(ProjectConfigurationPlatforms) = postSolution
		{7CDB6FF4-A8D6-4E40-AA05-3116EF96A955}.Debug|x64.ActiveCfg = Debug|x64
		{7CDB6FF4-A8D6-4E40-AA05-3116EF96A955}.Debug|x64.Build.0 = Debug|x64
		{7CDB6FF4-A8D6-4E40-AA05-3116EF96A955}.Debug|x86.ActiveCfg = Debug|Win32
		{7CDB6FF4-A8D6-4E40-AA05-3116EF96A955}.Debug|x86.Build.0 = Debug|Win32
		{7CDB6FF4-A8D6-4E40-AA05-3116EF96A955}.Release|x64.ActiveCfg = Release|x64
		{7CDB6FF4-A8D6-4E40-AA05-3116EF96A955}.Release|x64.Build.0 = Release|x64
		{7CDB6FF4-A8D6-4E40-AA05-3116EF96A955}.Release|x86.ActiveCfg = Release|Win32
		{7CDB6FF4-A8D6-4E40-AA05-3116EF96A955}.Release|x86.Build.0 = Release|Win32
		{FE0F9D3E-56BE-45BE-8CFF-7B037E22F6BA}.Debug|x64.ActiveCfg = Debug|x64
		{FE0F9D3E-56BE-45BE-8CFF-7B037E22F6BA}.Debug|x64.Build.0 = Debug|x64
		{FE0F9D3E-56BE-45BE-8CFF-7B037E22F6BA}.Debug|x86.ActiveCfg = Debug|Win32
		{FE0F9D3E-56BE-45BE-8CFF-7B037E22F6BA}.Debug|x86.Build.0 = Debug|Win32
		{FE0F9D3E-56BE-45BE-8CFF-7B037E22F6BA}.Release|x64.ActiveCfg = Release|x64
		{FE0F9D3E-56BE-45BE-8CFF-7B037E22F6BA}.Release|x64.Build.0 = Release|x64
		{FE0F9D3E-56BE-45BE-8CFF-7B037E22F6BA}.Release|x86.ActiveCfg = Release|Win32
		{FE0F9D3E-56BE-45BE-8CFF-7B037E22F6BA}.Release|x86.Build.0 = Release|Win32
		{E481B522-0A01-4DDE-8B33-F11780488DDF}.Debug|x64.ActiveCfg = Debug|x64
		{E481B522-0A01-4DDE-8B33-F11780488DDF}.Debug|x64.Build.0 = Debug|x64
		{E481B522-0A01-4DDE-8B33-F11780488DDF}.Debug|x86.ActiveCfg = Debug|Win32
		{E481B522-0A01-4DDE-8B33-F11780488DDF}.Debug|x86.Build.0 = Debug|Win32
		{E481B522-0A01-4DDE-8B33-F11780488DDF}.Release|x64.ActiveCfg = Release|x64
		{E481B522-0A01-4DDE-8B33-F11780488DDF}.Release|x64.Build.0 = Release|x64
		{E481B522-0A01-4DDE-8B33-F11780488DDF}.Release|x86.ActiveCfg = Release|Win32
		{E481B522-0A01-4DDE-8B33-F11780488DDF}.Release|x86.Build.0 = Release|Win32
		{A0CF4B47-E175-46AC-946D-381EC6255424}.Debug|x64.ActiveCfg = Debug|x64
		{A0CF4B47-E175-46AC-946D-381EC6255424}.Debug|x64.Build.0 = Debug|x64
		{A0CF4B47-E175-46AC-946D-381EC6255424}.Debug|x86.ActiveCfg = Debug|Win32
		{A0CF4B47-E175-46AC-946D-381EC6255424}.Debug|x86.Build.0 = Debug|Win32
		{A0CF4B47-E175-46AC-946D-381EC6255424}.Release|x64.ActiveCfg = Release|x64
		{A0CF4B47-E175-46AC-946D-381EC6255424}.Release|x64.Build.0 = Release|x64
		{A0CF4B47-E175-46AC-946D-381EC6255424}.Release|x86.ActiveCfg = Release|Win32
		{A0CF4B47-E175-46AC-946D-381EC6255424}.Release|x86.Build.0 = Release|Win32
		{93D0E701-263F-42B7-9290-C74E0DE4EC68}.Debug|x64.ActiveCfg = Debug|x64
		{93D0E701-263F-42B7-9290-C74E0DE4EC68}.Debug|x64.Build.0 = Debug|x64
		{93D0E701-263F-42B7-9290-C74E0DE4EC68}.Debug|x86.ActiveCfg = Debug|Win32
		{93D0E701-263F-42B7-9290-C74E0DE4EC68}.Debug|x86.Build.0 = Debug|Win32
		{93D0E701-263F-42B7-9290-C74E0DE4EC68}.Release|x64.ActiveCfg = Release|x64
		{93D0E701-263F-42B7-9290-C74E0DE4EC68}.Release|x64.Build.0 = Release|x64
		{93D0E701-263F-42B7-9290-C74E0DE4EC68}.Release|x86.ActiveCfg = Release|Win32
		{93D0E701-263F-42B7-9290-C74E0DE4EC68}.Release|x86.Build.0 = Release|Win32
		{05C76BF6-AD02-4B51-853B-3F4652B91AB2}.Debug|x64.ActiveCfg = Debug|x64
		{05C76BF6-AD02-4B51-853B-3F4652B91AB2}.Debug|x64.Build.0 = Debug|x64
		{05C76BF6-AD02-4B51-853B-3F4652B91AB2}.Debug|x86.ActiveCfg = Debug|Win32
		{05C76BF6-AD02-4B51-853B-3F4652B91AB2}.Debug|x86.Build.0 = Debug|Win32
		{05C76BF6-AD02-4B51-853B-3F4652B91AB2}.Release|x64.ActiveCfg = Release|x64
		{05C76BF6-AD02-4B51-853B-3F4652B91AB2}.Release|x64.Build.0 = Release|x64
		{05C76BF6-AD02-4B51-853B-3F4652B91AB2}.Release|x86.ActiveCfg = Release|Win32
		{05C76BF6-AD02-4B51-853B-3F4652B91AB2}.Release|x86.Build.0 = Release|Win32
		{3EFEEF6B-8F61-48D8-888E-30674DF227EB}.Debug|x64.ActiveCfg = Debug|x64
		{3EFEEF6B-8F61-48D8-888E-30674DF227EB}.Debug|x64.Build.0 = Debug|x64
		{3EFEEF6B-8F61-48D8-888E-30674DF227EB}.Debug|x86.ActiveCfg = Debug|Win32
		{3EFEEF6B-8F61-48D8-888E-30674DF227EB}.Debug|x86.Build.0 = Debug|Win32
		{3EFEEF6B-8F61-48D8-888E-30674DF227EB}.Release|x64.ActiveCfg = Release|x64
		{3EFEEF6B-8F61-48D8-888E-30674DF227EB}.Release|x64.Build.0 = Release|x64
		{3EFEEF6B-8F61-48D8-888E-30674DF227EB}.Release|x86.ActiveCfg = Release|Win32
		{3EFEEF6B-8F61-48D8-888E-30674DF227EB}.Release|x86.Build.0 = Release|Win32
		{8533A7E6-3866-4349-AA3A-DD52CEDB9627}.Debug|x64.ActiveCfg = Debug|x64
		{8533A7E6-3866-4349-AA3A-DD52CEDB9627}.Debug|x64.Build.0 = Debug|x64
		{8533A7E6-3866-4349-AA3A-DD52CEDB9627}.Debug|x86.ActiveCfg = Debug|Win32
		{8533A7E6-3866-4349-AA3A-DD52CEDB9627}.Debug|x86.Build.0 = Debug|Win32
		{8533A7E6-3866-4349-AA3A-DD52CEDB9627}.Release|x64.ActiveCfg = Release|x64
		{8533A7E6-3866-4349-AA3A-DD52CEDB9627}.Release|x64.Build.0 = Release|x64
		{8533A7E6-3866-4349-AA3A-DD52CEDB9627}.Release|x86.ActiveCfg = Release|Win32
		{8533A7E6-3866-4349-AA3A-DD52CEDB9627}.Release|x86.Build.0 = Release|Win32
		{2AC7E6A3-0ACB-4CE0-BB96-0745E31F817B}.Debug|x64.ActiveCfg = Debug|x64
		{2AC7E6A3-0ACB-4CE0-BB96-0745E31F817B}.Debug|x64.Build.0 = Debug|x64
		{2AC7E6A3-0ACB-4CE0-BB96-0745E31F817B}.Debug|x86.ActiveCfg = Debug|Win32
		{2AC7E6A3-0ACB-4CE0-BB96-0745E31F817B}.Debug|x86.Build.0 = Debug|Win32
		{2AC7E6A3-0ACB-4CE0-BB96-0745E31F817B}.Release|x64.ActiveCfg = Release|x64
		{2AC7E6A3-0ACB-4CE0-BB96-0745E31F817B}.Release|x64.Build.0 = Release|x64
		{2AC7E6A3-0ACB-4CE0-BB96-0745E31F817B}.Release|x86.ActiveCfg = Release|Win32
		{2AC7E6A3-0ACB-4CE0-BB96-0745E31F817B}.Release|x86.Build.0 = Release|Win32
		{2F01C02B-7BC1-4D6C-A7B2-E81F3EE59208}.Debug|x64.ActiveCfg = Debug|x64
		{2F01C02B-7BC1-4D6C-A7B2-E81F3EE59208}.Debug|x64.Build.0 = Debug|x64
		{2F01C02B-7BC1-4D6C-A7B2-E81F3EE59208}.Debug|x86.ActiveCfg = Debug|Win32
		{2F01C02B-7BC1-4D6C-A7B2-E81F3EE59208}.Debug|x86.Build.0 = Debug|Win32
		{2F01C02B-7BC1-4D6C-A7B2-E81F3EE59208}.Release|x64.ActiveCfg = Release|x64
		{2F01C02B-7BC1-4D6C-A7B2-E81F3EE59208}.Release|x64.Build.0 = Release|x64
		{2F01C02B-7BC1-4D6C-A7B2-E81F3EE59208}.Release|x86.ActiveCfg = Release|Win32
		{2F01C02B-7BC1-4D6C-A7B2-E81F3EE59208}.Release|x86.Build.0 = Release|Win32
		{F92214BC-0697-48AA-8A25-52046349A9F5}.Debug|x64.ActiveCfg = Debug|x64
		{F92214BC-0697-48AA-8A25-52046349A9F5}.Debug|x64.Build.0 = Debug|x64
		{F92214BC-0697-48AA-8A25-52046349A9F5}.Debug|x86.ActiveCfg = Debug|Win32
		{F92214BC-0697-48AA-8A25-52046349A9F5}.Debug|x86.Build.0 = Debug|Win32
		{F92214BC-0697-48AA-8A25-52046349A9F5}.Release|x64.ActiveCfg = Release|x64
		{F92214BC-0697-48AA-8A25-52046349A9F5}.Release|x64.Build.0 = Release|x64
		{F92214BC-0697-48AA-8A25-52046349A9F5}.Release|x86.ActiveCfg = Release|Win32
		{F92214BC-0697-48AA-8A25-52046349A9F5}.Release|x86.Build.0 = Release|Win32
		{295672BD-A6A8-4687-878E-73748B81E9C7}.Debug|x64.ActiveCfg = Debug|x64
		{295672BD-A6A8-4687-878E-73748B81E9C7}.Debug|x64.Build.0 = Debug|x64
		{295672BD-A6A8-4687-878E-73748B81E9C7}.Debug|x86.ActiveCfg = Debug|Win32
		{295672BD-A6A8-4687-878E-73748B81E9C7}.Debug|x86.Build.0 = Debug|Win32
		{295672BD-A6A8-4687-878E-73748B81E9C7}.Release|x64.ActiveCfg = Release|x64
		{295672BD-A6A8-4687-878E-73748B81E9C7}.Release|x64.Build.0 = Release|x64
		{295672BD-A6A8-4687-878E-73748B81E9C7}.Release|x86.ActiveCfg = Release|Win32
		{295672BD-A6A8-4687-878E-73748B81E9C7}.Release|x86.Build.0 = Release|Win32
		{31AE7219-F0AE-4E5F-80DB-C859D83AC330}.Debug|x64.ActiveCfg = Debug|x64
		{31AE7219-F0AE-4E5F-80DB-C859D83AC330}.Debug|x64.Build.0 = Debug|x64
		{31AE7219-F0AE-4E5F-80DB-C859D83AC330}.Debug|x86.ActiveCfg = Debug|Win32
		{31AE7219-F0AE-4E5F-80DB-C859D83AC330}.Debug|x86.Build.0 = Debug|Win32
		{31AE7219-F0AE-4E5F-80DB-C859D83AC330}.Release|x64.ActiveCfg = Release|x64
		{31AE7219-F0AE-4E5F-80DB-C859D83AC330}.Release|x64.Build.0 = Release|x64
		{31AE7219-F0AE-4E5F-80DB-C859D83AC330}.Release|x86.ActiveCfg = Release|Win32
		{31AE7219-F0AE-4E5F-80DB-C859D83AC330}.Release|x86.Build.0 = Release|Win32
		{CBF56993-26F1-46EB-8D50-24770360E40F}.Debug|x64.ActiveCfg = Debug|x64
		{CBF56993-26F1-46EB-8D50-24770360E40F}.Debug|x64.Build.0 = Debug|x64
		{CBF56993-26F1-46EB-8D50-24770360E40F}.Debug|x86.ActiveCfg = Debug|Win32
		{CBF56993-26F1-46EB-8D50-24770360E40F}.Debug|x86.Build.0 = Debug|Win32
		{CBF56993-26F1-46EB-8D50-24770360E40F}.Release|x64.ActiveCfg = Release|x64
		{CBF56993-26F1-46EB-8D50-24770360E40F}.Release|x64.Build.0 = Release|x64
		{CBF56993-26F1-46EB-8D50-24770360E40F}.Release|x86.ActiveCfg = Release|Win32
		{CBF56993-26F1-46EB-8D50-24770360E40F}.Release|x86.Build.0 = Release|Win32
		{DB6D580F-8869-4140-AE73-599CA2480AB8}.Debug|x64.ActiveCfg = Debug|x64
		{DB6D580F-8869-4140-AE73-599CA2480AB8}.Debug|x64.Build.0 = Debug|x64
		{DB6D580F-8869-4140-AE73-599CA2480AB8}.Debug|x86.ActiveCfg = Debug|Win32
		{DB6D580F-8869-4140-AE73-599CA2480AB8}.Debug|x86.Build.0 = Debug|Win32
		{DB6D580F-8869-4140-AE73-599CA2480AB8}.Release|x64.ActiveCfg = Release|x64
		{DB6D580F-8869-4140-AE73-599CA2480AB8}.Release|x64.Build.0 = Release|x64
		{DB6D580F-8869-4140-AE73-599CA2480AB8}.Release|x86.ActiveCfg = Release|Win32
		{DB6D580F-8869-4140-AE73-599CA2480AB8}.Release|x86.Build.0 = Release|Win32
		{9A566122-9BE5-4E43-B1D5-CFDCA2CBE176}.Debug|x64.ActiveCfg = Debug|x64
		{9A566122-9BE5-4E43-B1D5-CFDCA2CBE176}.Debug|x64.Build.0 = Debug|x64
		{9A566122-9BE5-4E43-B1D5-CFDCA2CBE176}.Debug|x86.ActiveCfg = Debug|Win32
		{9A566122-9BE5-4E43-B1D5-CFDCA2CBE176}.Debug|x86.Build.0 = Debug|Win32
		{9A566122-9BE5-4E43-B1D5-CFDCA2CBE176}.Release|x64.ActiveCfg = Release|x64
		{9A566122-9BE5-4E43-B1D5-CFDCA2CBE176}.Release|x64.Build.0 = Release|x64
		{9A566122-9BE5-4E43-B1D5-CFDCA2CBE176}.Release|x86.ActiveCfg = Release|Win32
		{9A566122-9BE5-4E43-B1D5-CFDCA2CBE176}.Release|x86.Build.0 = Release|Win32
		{0805511E-E130-47AD-B7E3-773728C88D08}.Debug|x64.ActiveCfg = Debug|x64
		{0805511E-E130-47AD-B7E3-773728C88D08}.Debug|x64.Build.0 = Debug|x64
		{0805511E-E130-47AD-B7E3-773728C88D08}.Debug|x86.ActiveCfg = Debug|Win32
		{0805511E-E130-47AD-B7E3-773728C88D08}.Debug|x86.Build.0 = Debug|Win32
		{0805511E-E130-47AD-B7E3-773728C88D08}.Release|x64.ActiveCfg = Release|x64
		{0805511E-E130-47AD-B7E3-773728C88D08}.Release|x64.Build.0 = Release|x64
		{0805511E-E130-47AD-B7E3-773728C88D08}.Release|x86.ActiveCfg = Release|Win32
		{0805511E-E130-47AD-B7E3-773728C88D08}.Release|x86.Build.0 = Release|Win32
		{91D0B308-E9A7-4308-82B8-0E30759BD3C6}.Debug|x64.ActiveCfg = Debug|x64
		{91D0B308-E9A7-4308-82B8-0E30759BD3C6}.Debug|x64.Build.0 = Debug|x64
		{91D0B308-E9A7-4308-82B8-0E30759BD3C6}.Debug|x86.ActiveCfg = Debug|Win32
		{91D0B308-E9A7-4308-82B8-0E30759BD3C6}.Debug|x86.Build.0 = Debug|Win32
		{91D0B308-E9A7-4308-82B8-0E30759BD3C6}.Release|x64.ActiveCfg = Release|x64
		{91D0B308-E9A7-4308-82B8-0E30759BD3C6}.Release|x64.Build.0 = Release|x64
		{91D0B308-E9A7-4308-82B8-0E30759BD3C6}.Release|x86.ActiveCfg = Release|Win32
		{91D0B308-E9A7-4308-82B8-0E30759BD3C6}.Release|x86.Build.0 = Release|Win32
		{1A1D31C4-C10F-46E8-B972-CE244C981A72}.Debug|x64.ActiveCfg = Debug|x64
		{1A1D31C4-C10F-46E8-B972-CE244C981A72}.Debug|x64.Build.0 = Debug|x64
		{1A1D31C4-C10F-46E8-B972-CE244C981A72}.Debug|x86.ActiveCfg = Debug|Win32
		{1A1D31C4-C10F-46E8-B972-CE244C981A72}.Debug|x86.Build.0 = Debug|Win32
		{1A1D31C4-C10F-46E8-B972-CE244C981A72}.Release|x64.ActiveCfg = Release|x64
		{1A1D31C4-C10F-46E8-B972-CE244C981A72}.Release|x64.Build.0 = Release|x64
		{1A1D31C4-C10F-46E8-B972-CE244C981A72}.Release|x86.ActiveCfg = Release|Win32
		{1A1D31C4-C10F-46E8-B972-CE244C981A72}.Release|x86.Build.0 = Release|Win32
		{0D3AAEA4-2305-425B-9132-F3CDBEE398B4}.Debug|x64.ActiveCfg = Debug|x64
		{0D3AAEA4-2305-425B-9132-F3CDBEE398B4}.Debug|x64.Build.0 = Debug|x64
		{0D3AAEA4-2305-425B-9132-F3CDBEE398B4}.Debug|x86.ActiveCfg = Debug|Win32
		{0D3AAEA4-2305-425B-9132-F3CDBEE398B4}.Debug|x86.Build.0 = Debug|Win32
		{0D3AAEA4-2305-425B-9132-F3CDBEE398B4}.Release|x64.ActiveCfg = Release|x64
		{0D3AAEA4-2305-425B-9132-F3CDBEE398B4}.Release|x64.Build.0 = Release|x64
		{0D3AAEA4-2305-425B-9132-F3CDBEE398B4}.Release|x86.ActiveCfg = Release|Win32
		{0D3AAEA4-2305-425B-9132-F3CDBEE398B4}.Release|x86.Build.0 = Release|Win32
		{A6A3252D-2EE3-4217-8179-93F7D8489E11}.Debug|x64.ActiveCfg = Debug|x64
		{A6A3252D-2EE3-4217-8179-93F7D8489E11}.Debug|x64.Build.0 = Debug|x64
		{A6A3252D-2EE3-4217-8179-93F7D8489E11}.Debug|x86.ActiveCfg = Debug|Win32
		{A6A3252D-2EE3-4217-8179-93F7D8489E11}.Debug|x86.Build.0 = Debug|Win32
		{A6A3252D-2EE3-4217-8179-93F7D8489E11}.Release|x64.ActiveCfg = Release|x64
		{A6A3252D-2EE3-4217-8179-93F7D8489E11}.Release|x64.Build.0 = Release|x64
		{A6A3252D-2EE3-4217-8179-93F7D8489E11}.Release|x86.ActiveCfg = Release|Win32
		{A6A3252D-2EE3-4217-8179-93F7D8489E11}.Release|x86.Build.0 = Release|Win32
		{33B4BE27-E94E-4DED-9E33-0AA3319394FB}.Debug|x64.ActiveCfg = Debug|x64
		{33B4BE27-E94E-4DED-9E33-0AA3319394FB}.Debug|x64.Build.0 = Debug|x64
		{33B4BE27-E94E-4DED-9E33-0AA3319394FB}.Debug|x86.ActiveCfg = Debug|Win32
		{33B4BE27-E94E-4DED-9E33-0AA3319394FB}.Debug|x86.Build.0 = Debug|Win32
		{33B4BE27-E94E-4DED-9E33-0AA3319394FB}.Release|x64.ActiveCfg = Release|x64
		{33B4BE27-E94E-4DED-9E33-0AA3319394FB}.Release|x64.Build.0 = Release|x64
		{33B4BE27-E94E-4DED-9E33-0AA3319394FB}.Release|x86.ActiveCfg = Release|Win32
		{33B4BE27-E94E-4DED-9E33-0AA3319394FB}.Release|x86.Build.0 = Release|Win32
		{6EB33247-37B2-42C6-B27D-65F6440C10B2}.Debug|x64.ActiveCfg = Debug|x64
		{6EB33247-37B2-42C6-B27D-65F6440C10B2}.Debug|x64.Build.0 = Debug|x64
		{6EB33247-37B2-42C6-B27D-65F6440C10B2}.Debug|x86.ActiveCfg = Debug|Win32
		{6EB33247-37B2-42C6-B27D-65F6440C10B2}.Debug|x86.Build.0 = Debug|Win32
		{6EB33247-37B2-42C6-B27D-65F6440C10B2}.Release|x64.ActiveCfg = Release|x64
		{6EB33247-37B2-42C6-B27D-65F6440C10B2}.Release|x64.Build.0 = Release|x64
		{6EB33247-37B2-42C6-B27D-65F6440C10B2}.Release|x86.ActiveCfg = Release|Win32
		{6EB33247-37B2-42C6-B27D-65F6440C10B2}.Release|x86.Build.0 = Release|Win32
		{5F1E2807-CB78-4065-BCC2-8FB6075AD726}.Debug|x64.ActiveCfg = Debug|x64
		{5F1E2807-CB78-4065-BCC2-8FB6075AD726}.Debug|x64.Build.0 = Debug|x64
		{5F1E2807-CB78-4065-BCC2-8FB6075AD726}.Debug|x86.ActiveCfg = Debug|Win32
		{5F1E2807-CB78-4065-BCC2-8FB6075AD726}.Debug|x86.Build.0 = Debug|Win32
		{5F1E2807-CB78-4065-BCC2-8FB6075AD726}.Release|x64.ActiveCfg = Release|x64
		{5F1E2807-CB78-4065-BCC2-8FB6075AD726}.Release|x64.Build.0 = Release|x64
		{5F1E2807-CB78-4065-BCC2-8FB6075AD726}.Release|x86.ActiveCfg = Release|Win32
		{5F1E2807-CB78-4065-BCC2-8FB6075AD726}.Release|x86.Build.0 = Release|Win32
		{63CBABD2-8628-41E4-A1D4-77EA4B38E323}.Debug|x64.ActiveCfg = Debug|x64
		{63CBABD2-8628-41E4-A1D4-77EA4B38E323}.Debug|x64.Build.0 = Debug|x64
		{63CBABD2-8628-41E4-A1D4-77EA4B38E323}.Debug|x86.ActiveCfg = Debug|Win32
		{63CBABD2-8628-41E4-A1D4-77EA4B38E323}.Debug|x86.Build.0 = Debug|Win32
		{63CBABD2-8628-41E4-A1D4-77EA4B38E323}.Release|x64.ActiveCfg = Release|x64
		{63CBABD2-8628-41E4-A1D4-77EA4B38E323}.Release|x64.Build.0 = Release|x64
		{63CBABD2-8628-41E4-A1D4-77EA4B38E323}.Release|x86.ActiveCfg = Release|Win32
		{63CBABD2-8628-41E4-A1D4-77EA4B38E323}.Release|x86.Build.0 = Release|Win32
		{1ED7BE80-18E7-4D47-B659-F39626649C6B}.Debug|x64.ActiveCfg = Debug|x64
		{1ED7BE80-18E7-4D47-B659-F39626649C6B}.Debug|x64.Build.0 = Debug|x64
		{1ED7BE80-18E7-4D47-B659-F39626649C6B}.Debug|x86.ActiveCfg = Debug|Win32
		{1ED7BE80-18E7-4D47-B659-F39626649C6B}.Debug|x86.Build.0 = Debug|Win32
		{1ED7BE80-18E7-4D47-B659-F39626649C6B}.Release|x64.ActiveCfg = Release|x64
		{1ED7BE80-18E7-4D47-B659-F39626649C6B}.Release|x64.Build.0 = Release|x64
		{1ED7BE80-18E7-4D47-B659-F39626649C6B}.Release|x86.ActiveCfg = Release|Win32
		{1ED7BE80-18E7-4D47-B659-F39626649C6B}.Release|x86.Build.0 = Release|Win32
		{DEEB1E40-8018-4DA1-B8C4-71766EC1CB30}.Debug|x64.ActiveCfg = Debug|x64
		{DEEB1E40-8018-4DA1-B8C4-71766EC1CB30}.Debug|x64.Build.0 = Debug|x64
		{DEEB1E40-8018-4DA1-B8C4-71766EC1CB30}.Debug|x86.ActiveCfg = Debug|Win32
		{DEEB1E40-8018-4DA1-B8C4-71766EC1CB30}.Debug|x86.Build.0 = Debug|Win32
		{DEEB1E40-8018-4DA1-B8C4-71766EC1CB30}.Release|x64.ActiveCfg = Release|x64
		{DEEB1E40-8018-4DA1-B8C4-71766EC1CB30}.Release|x64.Build.0 = Release|x64
		{DEEB1E40-8018-4DA1-B8C4-71766EC1CB30}.Release|x86.ActiveCfg = Release|Win32
		{DEEB1E40-8018-4DA1-B8C4-71766EC1CB30}.Release|x86.Build.0 = Release|Win32
		{69DD4D6E-039D-4C0D-B521-C5ED8D056F25}.Debug|x64.ActiveCfg = Debug|x64
		{69DD4D6E-039D-4C0D-B521-C5ED8D056F25}.Debug|x64.Build.0 = Debug|x64
		{69DD4D6E-039D-4C0D-B521-C5ED8D056F25}.Debug|x86.ActiveCfg = Debug|Win32
		{69DD4D6E-039D-4C0D-B521-C5ED8D056F25}.Debug|x86.Build.0 = Debug|Win32
		{69DD4D6E-039D-4C0D-B521-C5ED8D056F25}.Release|x64.ActiveCfg = Release|x64
		{69DD4D6E-039D-4C0D-B521-C5ED8D056F25}.Release|x64.Build.0 = Release|x64
		{69DD4D6E-039D-4C0D-B521-C5ED8D056F25}.Release|x86.ActiveCfg = Release|Win32
		{69DD4D6E-039D-4C0D-B521-C5ED8D056F25}.Release|x86.Build.0 = Release|Win32
		{32D82658-A6E5-4A30-8F6F-388ACD77EA5A}.Debug|x64.ActiveCfg = Debug|x64
		{32D82658-A6E5-4A30-8F6F-388ACD77EA5A}.Debug|x64.Build.0 = Debug|x64
		{32D82658-A6E5-4A30-8F6F-388ACD77EA5A}.Debug|x86.ActiveCfg = Debug|Win32
		{32D82658-A6E5-4A30-8F6F-388ACD77EA5A}.Debug|x86.Build.0 = Debug|Win32
		{32D82658-A6E5-4A30-8F6F-388ACD77EA5A}.Release|x64.ActiveCfg = Release|x64
		{32D82658-A6E5-4A30-8F6F-388ACD77EA5A}.Release|x64.Build.0 = Release|x64
		{32D82658-A6E5-4A30-8F6F-388ACD77EA5A}.Release|x86.ActiveCfg = Release|Win32
		{32D82658-A6E5-4A30-8F6F-388ACD77EA5A}.Release|x86.Build.0 = Release|Win32
		{81708092-24BB-4043-834C-9F5A3C859771}.Debug|x64.ActiveCfg = Debug|x64
		{81708092-24BB-4043-834C-9F5A3C859771}.Debug|x64.Build.0 = Debug|x64
		{81708092-24BB-4043-834C-9F5A3C859771}.Debug|x86.ActiveCfg = Debug|Win32
		{81708092-24BB-4043-834C-9F5A3C859771}.Debug|x86.Build.0 = Debug|Win32
		{81708092-24BB-4043-834C-9F5A3C859771}.Release|x64.ActiveCfg = Release|x64
		{81708092-24BB-4043-834C-9F5A3C859771}.Release|x64.Build.0 = Release|x64
		{81708092-24BB-4043-834C-9F5A3C859771}.Release|x86.ActiveCfg = Release|Win32
		{81708092-24BB-4043-834C-9F5A3C859771}.Release|x86.Build.0 = Release|Win32
		{0FABED6F-C947-4B4A-9EAE-C49E7DAFA390}.Debug|x64.ActiveCfg = Debug|x64
		{0FABED6F-C947-4B4A-9EAE-C49E7DAFA390}.Debug|x64.Build.0 = Debug|x64
		{0FABED6F-C947-4B4A-9EAE-C49E7DAFA390}.Debug|x86.ActiveCfg = Debug|Win32
		{0FABED6F-C947-4B4A-9EAE-C49E7DAFA390}.Debug|x86.Build.0 = Debug|Win32
		{0FABED6F-C947-4B4A-9EAE-C49E7DAFA390}.Release|x64.ActiveCfg = Release|x64
		{0FABED6F-C947-4B4A-9EAE-C49E7DAFA390}.Release|x64.Build.0 = Release|x64
		{0FABED6F-C947-4B4A-9EAE-C49E7DAFA390}.Release|x86.ActiveCfg = Release|Win32
		{0FABED6F-C947-4B4A-9EAE-C49E7DAFA390}.Release|x86.Build.0 = Release|Win32
		{6BB21085-B23A-4AAB-97A4-C62377D0E1F2}.Debug|x64.ActiveCfg = Debug|x64
		{6BB21085-B23A-4AAB-97A4-C62377D0E1F2}.Debug|x64.Build.0 = Debug|x64
		{6BB21085-B23A-4AAB-97A4-C62377D0E1F2}.Debug|x86.ActiveCfg = Debug|Win32
		{6BB21085-B23A-4AAB-97A4-C62377D0E1F2}.Debug|x86.Build.0 = Debug|Win32
		{6BB21085-B23A-4AAB-97A4-C62377D0E1F2}.Release|x64.ActiveCfg = Release|x64
		{6BB21085-B23A-4AAB-97A4-C62377D0E1F2}.Release|x64.Build.0 = Release|x64
		{6BB21085-B23A-4AAB-97A4-C62377D0E1F2}.Release|x86.ActiveCfg = Release|Win32
		{6BB21085-B23A-4AAB-97A4-C62377D0E1F2}.Release|x86.Build.0 = Release|Win32
		{F5BDAC4D-7E5D-4A57-947D-648B36A083F9}.Debug|x64.ActiveCfg = Debug|x64
		{F5BDAC4D-7E5D-4A57-947D-648B36A083F9}.Debug|x64.Build.0 = Debug|x64
		{F5BDAC4D-7E5D-4A57-947D-648B36A083F9}.Debug|x86.ActiveCfg = Debug|Win32
		{F5BDAC4D-7E5D-4A57-947D-648B36A083F9}.Debug|x86.Build.0 = Debug|Win32
		{F5BDAC4D-7E5D-4A57-947D-648B36A083F9}.Release|x64.ActiveCfg = Release|x64
		{F5BDAC4D-7E5D-4A57-947D-648B36A083F9}.Release|x64.Build.0 = Release|x64
		{F5BDAC4D-7E5D-4A57-947D-648B36A083F9}.Release|x86.ActiveCfg = Release|Win32
		{F5BDAC4D-7E5D-4A57-947D-648B36A083F9}.Release|x86.Build.0 = Release|Win32
		{F7C5E84B-FC7C-4BF3-935E-1698C8EFC574}.Debug|x64.ActiveCfg = Debug|x64
		{F7C5E84B-FC7C-4BF3-935E-1698C8EFC574}.Debug|x64.Build.0 = Debug|x64
		{F7C5E84B-FC7C-4BF3-935E-1698C8EFC574}.Debug|x86.ActiveCfg = Debug|Win32
		{F7C5E84B-FC7C-4BF3-935E-1698C8EFC574}.Debug|x86.Build.0 = Debug|Win32
		{F7C5E84B-FC7C-4BF3-935E-1698C8EFC574}.Release|x64.ActiveCfg = Release|x64
		{F7C5E84B-FC7C-4BF3-935E-1698C8EFC574}.Release|x64.Build.0 = Release|x64
		{F7C5E84B-FC7C-4BF3-935E-1698C8EFC574}.Release|x86.ActiveCfg = Release|Win32
		{F7C5E84B-FC7C-4BF3-935E-1698C8EFC574}.Release|x86.Build.0 = Release|Win32
		{D67A6A0B-AB94-4C0C-9209-1B20E9F42B44}.Debug|x64.ActiveCfg = Debug|x64
		{D67A6A0B-AB94-4C0C-9209-1B20E9F42B44}.Debug|x64.Build.0 = Debug|x64
		{D67A6A0B-AB94-4C0C-9209-1B20E9F42B44}.Debug|x86.ActiveCfg = Debug|Win32
		{D67A6A0B-AB94-4C0C-9209-1B20E9F42B44}.Debug|x86.Build.0 = Debug|Win32
		{D67A6A0B-AB94-4C0C-9209-1B20E9F42B44}.Release|x64.ActiveCfg = Release|x64
		{D67A6A0B-AB94-4C0C-9209-1B20E9F42B44}.Release|x64.Build.0 = Release|x64
		{D67A6A0B-AB94-4C0C-9209-1B20E9F42B44}.Release|x86.ActiveCfg = Release|Win32
		{D67A6A0B-AB94-4C0C-9209-1B20E9F42B44}.Release|x86.Build.0 = Release|Win32
		{20EE2DD3-ED05-400C-8305-794059B2B2D1}.Debug|x64.ActiveCfg = Debug|x64
		{20EE2DD3-ED05-400C-8305-794059B2B2D1}.Debug|x64.Build.0 = Debug|x64
		{20EE2DD3-ED05-400C-8305-794059B2B2D1}.Debug|x86.ActiveCfg = Debug|Win32
		{20EE2DD3-ED05-400C-8305-794059B2B2D1}.Debug|x86.Build.0 = Debug|Win32
		{20EE2DD3-ED05-400C-8305-794059B2B2D1}.Release|x64.ActiveCfg = Release|x64
		{20EE2DD3-ED05-400C-8305-794059B2B2D1}.Release|x64.Build.0 = Release|x64
		{20EE2DD3-ED05-400C-8305-794059B2B2D1}.Release|x86.ActiveCfg = Release|Win32
		{20EE2DD3-ED05-400C-8305-794059B2B2D1}.Release|x86.Build.0 = Release|Win32
		{7378E68E-02D9-48B8-A237-AFE983089234}.Debug|x64.ActiveCfg = Debug|x64
		{7378E68E-02D9-48B8-A237-AFE983089234}.Debug|x64.Build.0 = Debug|x64
		{7378E68E-02D9-48B8-A237-AFE983089234}.Debug|x86.ActiveCfg = Debug|Win32
		{7378E68E-02D9-48B8-A237-AFE983089234}.Debug|x86.Build.0 = Debug|Win32
		{7378E68E-02D9-48B8-A237-AFE983089234}.Release|x64.ActiveCfg = Release|x64
		{7378E68E-02D9-48B8-A237-AFE983089234}.Release|x64.Build.0 = Release|x64
		{7378E68E-02D9-48B8-A237-AFE983089234}.Release|x86.ActiveCfg = Release|Win32
		{7378E68E-02D9-48B8-A237-AFE983089234}.Release|x86.Build.0 = Release|Win32
		{87DD0517-7396-4D82-96CD-C95A93206C4A}.Debug|x64.ActiveCfg = Debug|x64
		{87DD0517-7396-4D82-96CD-C95A93206C4A}.Debug|x64.Build.0 = Debug|x64
		{87DD0517-7396-4D82-96CD-C95A93206C4A}.Debug|x86.ActiveCfg = Debug|Win32
		{87DD0517-7396-4D82-96CD-C95A93206C4A}.Debug|x86.Build.0 = Debug|Win32
		{87DD0517-7396-4D82-96CD-C95A93206C4A}.Release|x64.ActiveCfg = Release|x64
		{87DD0517-7396-4D82-96CD-C95A93206C4A}.Release|x64.Build.0 = Release|x64
		{87DD0517-7396-4D82-96CD-C95A93206C4A}.Release|x86.ActiveCfg = Release|Win32
		{87DD0517-7396-4D82-96CD-C95A93206C4A}.Release|x86.Build.0 = Release|Win32
		{70AE33C6-0C51-4FD7-AAF8-CD77732A5C6B}.Debug|x64.ActiveCfg = Debug|x64
		{70AE33C6-0C51-4FD7-AAF8-CD77732A5C6B}.Debug|x64.Build.0 = Debug|x64
		{70AE33C6-0C51-4FD7-AAF8-CD77732A5C6B}.Debug|x86.ActiveCfg = Debug|Win32
		{70AE33C6-0C51-4FD7-AAF8-CD77732A5C6B}.Debug|x86.Build.0 = Debug|Win32
		{70AE33C6-0C51-4FD7-AAF8-CD77732A5C6B}.Release|x64.ActiveCfg = Release|x64
		{70AE33C6-0C51-4FD7-AAF8-CD77732A5C6B}.Release|x64.Build.0 = Release|x64
		{70AE33C6-0C51-4FD7-AAF8-CD77732A5C6B}.Release|x86.ActiveCfg = Release|Win32
		{70AE33C6-0C51-4FD7-AAF8-CD77732A5C6B}.Release|x86.Build.0 = Release|Win32
		{F0EFE7F7-744A-4921-897E-790C9C376911}.Debug|x64.ActiveCfg = Debug|x64
		{F0EFE7F7-744A-4921-897E-790C9C376911}.Debug|x64.Build.0 = Debug|x64
		{F0EFE7F7-744A-4921-897E-790C9C376911}.Debug|x86.ActiveCfg = Debug|Win32
		{F0EFE7F7-744A-4921-897E-790C9C376911}.Debug|x86.Build.0 = Debug|Win32
		{F0EFE7F7-744A-4921-897E-790C9C376911}.Release|x64.ActiveCfg = Release|x64
		{F0EFE7F7-744A-4921-897E-790C9C376911}.Release|x64.Build.0 = Release|x64
		{F0EFE7F7-744A-4921-897E-790C9C376911}.Release|x86.ActiveCfg = Release|Win32
		{F0EFE7F7-744A-4921-897E-790C9C376911}.Release|x86.Build.0 = Release|Win32
		{20C9EDC7-6F9D-40AB-BED9-26428DA97FD1}.Debug|x64.ActiveCfg = Debug|x64
		{20C9EDC7-6F9D-40AB-BED9-26428DA97FD1}.Debug|x64.Build.0 = Debug|x64
		{20C9EDC7-6F9D-40AB-BED9-26428DA97FD1}.Debug|x86.ActiveCfg = Debug|Win32
		{20C9EDC7-6F9D-40AB-BED9-26428DA97FD1}.Debug|x86.Build.0 = Debug|Win32
		{20C9EDC7-6F9D-40AB-BED9-26428DA97FD1}.Release|x64.ActiveCfg = Release|x64
		{20C9EDC7-6F9D-40AB-BED9-26428DA97FD1}.Release|x64.Build.0 = Release|x64
		{20C9EDC7-6F9D-40AB-BED9-26428DA97FD1}.Release|x86.ActiveCfg = Release|Win32
		{20C9EDC7-6F9D-40AB-BED9-26428DA97FD1}.Release|x86.Build.0 = Release|Win32
		{5776CF45-4436-4CC3-BC1B-17D84EB4F827}.Debug|x64.ActiveCfg = Debug|x64
		{5776CF45-4436-4CC3-BC1B-17D84EB4F827}.Debug|x64.Build.0 = Debug|x64
		{5776CF45-4436-4CC3-BC1B-17D84EB4F827}.Debug|x86.ActiveCfg = Debug|Win32
		{5776CF45-4436-4CC3-BC1B-17D84EB4F827}.Debug|x86.Build.0 = Debug|Win32
		{5776CF45-4436-4CC3-BC1B-17D84EB4F827}.Release|x64.ActiveCfg = Release|x64
		{5776CF45-4436-4CC3-BC1B-17D84EB4F827}.Release|x64.Build.0 = Release|x64
		{5776CF45-4436-4CC3-BC1B-17D84EB4F827}.Release|x86.ActiveCfg = Release|Win32
		{5776CF45-4436-4CC3-BC1B-17D84EB4F827}.Release|x86.Build.0 = Release|Win32
		{6F5DB8F2-2392-4F09-995A-31C5FBF4865D}.Debug|x64.ActiveCfg = Debug|x64
		{6F5DB8F2-2392-4F09-995A-31C5FBF4865D}.Debug|x64.Build.0 = Debug|x64
		{6F5DB8F2-2392-4F09-995A-31C5FBF4865D}.Debug|x86.ActiveCfg = Debug|Win32
		{6F5DB8F2-2392-4F09-995A-31C5FBF4865D}.Debug|x86.Build.0 = Debug|Win32
		{6F5DB8F2-2392-4F09-995A-31C5FBF4865D}.Release|x64.ActiveCfg = Release|x64
		{6F5DB8F2-2392-4F09-995A-31C5FBF4865D}.Release|x64.Build.0 = Release|x64
		{6F5DB8F2-2392-4F09-995A-31C5FBF4865D}.Release|x86.ActiveCfg = Release|Win32
		{6F5DB8F2-2392-4F09-995A-31C5FBF4865D}.Release|x86.Build.0 = Release|Win32
		{390655B8-8C08-4232-BC08-2B40836D5360}.Debug|x64.ActiveCfg = Debug|x64
		{390655B8-8C08-4232-BC08-2B40836D5360}.Debug|x64.Build.0 = Debug|x64
		{390655B8-8C08-4232-BC08-2B40836D5360}.Debug|x86.ActiveCfg = Debug|Win32
		{390655B8-8C08-4232-BC08-2B40836D5360}.Debug|x86.Build.0 = Debug|Win32
		{390655B8-8C08-4232-BC08-2B40836D5360}.Release|x64.ActiveCfg = Release|x64
		{390655B8-8C08-4232-BC08-2B40836D5360}.Release|x64.Build.0 = Release|x64
		{390655B8-8C08-4232-BC08-2B40836D5360}.Release|x86.ActiveCfg = Release|Win32
		{390655B8-8C08-4232-BC08-2B40836D5360}.Release|x86.Build.0 = Release|Win32
		{F63436EB-398E-4AAC-B2F2-4C9280A64387}.Debug|x64.ActiveCfg = Debug|x64
		{F63436EB-398E-4AAC-B2F2-4C9280A64387}.Debug|x64.Build.0 = Debug|x64
		{F63436EB-398E-4AAC-B2F2-4C9280A64387}.Debug|x86.ActiveCfg = Debug|Win32
		{F63436EB-398E-4AAC-B2F2-4C9280A64387}.Debug|x86.Build.0 = Debug|Win32
		{F63436EB-398E-4AAC-B2F2-4C9280A64387}.Release|x64.ActiveCfg = Release|x64
		{F63436EB-398E-4AAC-B2F2-4C9280A64387}.Release|x64.Build.0 = Release|x64
		{F63436EB-398E-4AAC-B2F2-4C9280A64387}.Release|x86.ActiveCfg = Release|Win32
		{F63436EB-398E-4AAC-B2F2-4C9280A64387}.Release|x86.Build.0 = Release|Win32
		{4A224D4E-A52D-4532-A2D6-0281339CBB3C}.Debug|x64.ActiveCfg = Debug|x64
		{4A224D4E-A52D-4532-A2D6-0281339CBB3C}.Debug|x64.Build.0 = Debug|x64
		{4A224D4E-A52D-4532-A2D6-0281339CBB3C}.Debug|x86.ActiveCfg = Debug|Win32
		{4A224D4E-A52D-4532-A2D6-0281339CBB3C}.Debug|x86.Build.0 = Debug|Win32
		{4A224D4E-A52D-4532-A2D6-0281339CBB3C}.Release|x64.ActiveCfg = Release|x64
		{4A224D4E-A52D-4532-A2D6-0281339CBB3C}.Release|x64.Build.0 = Release|x64
		{4A224D4E-A52D-4532-A2D6-0281339CBB3C}.Release|x86.ActiveCfg = Release|Win32
		{4A224D4E-A52D-4532-A2D6-0281339CBB3C}.Release|x86.Build.0 = Release|Win32
		{323914BD-DE22-4E06-B229-956AB1B3BE71}.Debug|x64.ActiveCfg = Debug|x64
		{323914BD-DE22-4E06-B229-956AB1B3BE71}.Debug|x64.Build.0 = Debug|x64
		{323914BD-DE22-4E06-B229-956AB1B3BE71}.Debug|x86.ActiveCfg = Debug|Win32
		{323914BD-DE22-4E06-B229-956AB1B3BE71}.Debug|x86.Build.0 = Debug|Win32
		{323914BD-DE22-4E06-B229-956AB1B3BE71}.Release|x64.ActiveCfg = Release|x64
		{323914BD-DE22-4E06-B229-956AB1B3BE71}.Release|x64.Build.0 = Release|x64
		{323914BD-DE22-4E06-B229-956AB1B3BE71}.Release|x86.ActiveCfg = Release|Win32
		{323914BD-DE22-4E06-B229-956AB1B3BE71}.Release|x86.Build.0 = Release|Win32
	EndGlobalSection
	GlobalSection(SolutionProperties) = preSolution
		HideSolutionNode = FALSE
	EndGlobalSection
	GlobalSection(ExtensibilityGlobals) = postSolution
		SolutionGuid = {58F89C64-CD0A-4463-96C7-3A8AFA8D5211}
	EndGlobalSection
EndGlobal
